
Microsoft Visual Studio Solution File, Format Version 12.00
# Visual Studio Version 17
VisualStudioVersion = 17.4.33205.214
MinimumVisualStudioVersion = 10.0.40219.1
Project("{FAE04EC0-301F-11D3-BF4B-00C04F79EFBC}") = "Homework0602", "Homework0602\Homework0602.csproj", "{47F51AF0-EE1C-4CC7-9938-DDBE6C6D0F67}"
EndProject
Global
	GlobalSection(SolutionConfigurationPlatforms) = preSolution
		Debug|Any CPU = Debug|Any CPU
		Release|Any CPU = Release|Any CPU
	EndGlobalSection
	GlobalSection(ProjectConfigurationPlatforms) = postSolution
		{47F51AF0-EE1C-4CC7-9938-DDBE6C6D0F67}.Debug|Any CPU.ActiveCfg = Debug|Any CPU
		{47F51AF0-EE1C-4CC7-9938-DDBE6C6D0F67}.Debug|Any CPU.Build.0 = Debug|Any CPU
		{47F51AF0-EE1C-4CC7-9938-DDBE6C6D0F67}.Release|Any CPU.ActiveCfg = Release|Any CPU
		{47F51AF0-EE1C-4CC7-9938-DDBE6C6D0F67}.Release|Any CPU.Build.0 = Release|Any CPU
	EndGlobalSection
	GlobalSection(SolutionProperties) = preSolution
		HideSolutionNode = FALSE
	EndGlobalSection
	GlobalSection(ExtensibilityGlobals) = postSolution
		SolutionGuid = {21614F19-5EA2-44F4-8B7A-5392FEC25973}
	EndGlobalSection
EndGlobal
